
Microsoft Visual Studio Solution File, Format Version 12.00
# Visual Studio Version 17
VisualStudioVersion = 17.12.35527.113
MinimumVisualStudioVersion = 10.0.40219.1
Project("{2150E333-8FDC-42A3-9474-1A3956D46DE8}") = "refs", "refs", "{9F6022FD-7794-4864-9C20-7D255A77E4E9}"
EndProject
Project("{FAE04EC0-301F-11D3-BF4B-00C04F79EFBC}") = "ConsoleInteractive", "refs\ConsoleInteractive\ConsoleInteractive\ConsoleInteractive\ConsoleInteractive.csproj", "{C7B8FBAC-C685-4464-9A89-0AB46BEA27BF}"
EndProject
Project("{FAE04EC0-301F-11D3-BF4B-00C04F79EFBC}") = "STUN", "refs\NatTypeTester\src\STUN\STUN.csproj", "{983253CB-D97E-4AE7-8383-8320420E96BB}"
EndProject
Project("{FAE04EC0-301F-11D3-BF4B-00C04F79EFBC}") = "Wrap.Shared", "Wrap.Shared\Wrap.Shared.csproj", "{CE2A85A7-C197-478F-9F00-9FEC7DB0D625}"
EndProject
Project("{FAE04EC0-301F-11D3-BF4B-00C04F79EFBC}") = "Wrap.ClientConsole", "Wrap.ClientConsole\Wrap.ClientConsole.csproj", "{2EE96EBB-8884-4B99-918B-4AF03D226243}"
EndProject
Project("{FAE04EC0-301F-11D3-BF4B-00C04F79EFBC}") = "Warp.Client", "Warp.Client\Warp.Client.csproj", "{312F8BC1-32FF-4ECC-B848-BF0A5256F235}"
EndProject
Project("{FAE04EC0-301F-11D3-BF4B-00C04F79EFBC}") = "Wrap.Server", "Wrap.Server\Wrap.Server.csproj", "{061C8FEC-D162-20B8-8748-B9103F5F5D82}"
EndProject
Global
	GlobalSection(SolutionConfigurationPlatforms) = preSolution
		Debug|Any CPU = Debug|Any CPU
		Release|Any CPU = Release|Any CPU
	EndGlobalSection
	GlobalSection(ProjectConfigurationPlatforms) = postSolution
		{C7B8FBAC-C685-4464-9A89-0AB46BEA27BF}.Debug|Any CPU.ActiveCfg = Debug|Any CPU
		{C7B8FBAC-C685-4464-9A89-0AB46BEA27BF}.Debug|Any CPU.Build.0 = Debug|Any CPU
		{C7B8FBAC-C685-4464-9A89-0AB46BEA27BF}.Release|Any CPU.ActiveCfg = Release|Any CPU
		{C7B8FBAC-C685-4464-9A89-0AB46BEA27BF}.Release|Any CPU.Build.0 = Release|Any CPU
		{983253CB-D97E-4AE7-8383-8320420E96BB}.Debug|Any CPU.ActiveCfg = Debug|Any CPU
		{983253CB-D97E-4AE7-8383-8320420E96BB}.Debug|Any CPU.Build.0 = Debug|Any CPU
		{983253CB-D97E-4AE7-8383-8320420E96BB}.Release|Any CPU.ActiveCfg = Release|Any CPU
		{983253CB-D97E-4AE7-8383-8320420E96BB}.Release|Any CPU.Build.0 = Release|Any CPU
		{CE2A85A7-C197-478F-9F00-9FEC7DB0D625}.Debug|Any CPU.ActiveCfg = Debug|Any CPU
		{CE2A85A7-C197-478F-9F00-9FEC7DB0D625}.Debug|Any CPU.Build.0 = Debug|Any CPU
		{CE2A85A7-C197-478F-9F00-9FEC7DB0D625}.Release|Any CPU.ActiveCfg = Release|Any CPU
		{CE2A85A7-C197-478F-9F00-9FEC7DB0D625}.Release|Any CPU.Build.0 = Release|Any CPU
		{2EE96EBB-8884-4B99-918B-4AF03D226243}.Debug|Any CPU.ActiveCfg = Debug|Any CPU
		{2EE96EBB-8884-4B99-918B-4AF03D226243}.Debug|Any CPU.Build.0 = Debug|Any CPU
		{2EE96EBB-8884-4B99-918B-4AF03D226243}.Release|Any CPU.ActiveCfg = Release|Any CPU
		{2EE96EBB-8884-4B99-918B-4AF03D226243}.Release|Any CPU.Build.0 = Release|Any CPU
		{312F8BC1-32FF-4ECC-B848-BF0A5256F235}.Debug|Any CPU.ActiveCfg = Debug|Any CPU
		{312F8BC1-32FF-4ECC-B848-BF0A5256F235}.Debug|Any CPU.Build.0 = Debug|Any CPU
		{312F8BC1-32FF-4ECC-B848-BF0A5256F235}.Release|Any CPU.ActiveCfg = Release|Any CPU
		{312F8BC1-32FF-4ECC-B848-BF0A5256F235}.Release|Any CPU.Build.0 = Release|Any CPU
		{061C8FEC-D162-20B8-8748-B9103F5F5D82}.Debug|Any CPU.ActiveCfg = Debug|Any CPU
		{061C8FEC-D162-20B8-8748-B9103F5F5D82}.Debug|Any CPU.Build.0 = Debug|Any CPU
		{061C8FEC-D162-20B8-8748-B9103F5F5D82}.Release|Any CPU.ActiveCfg = Release|Any CPU
		{061C8FEC-D162-20B8-8748-B9103F5F5D82}.Release|Any CPU.Build.0 = Release|Any CPU
	EndGlobalSection
	GlobalSection(SolutionProperties) = preSolution
		HideSolutionNode = FALSE
	EndGlobalSection
	GlobalSection(NestedProjects) = preSolution
		{C7B8FBAC-C685-4464-9A89-0AB46BEA27BF} = {9F6022FD-7794-4864-9C20-7D255A77E4E9}
		{983253CB-D97E-4AE7-8383-8320420E96BB} = {9F6022FD-7794-4864-9C20-7D255A77E4E9}
	EndGlobalSection
	GlobalSection(ExtensibilityGlobals) = postSolution
		SolutionGuid = {00113596-5B28-4216-AFEA-47C47E11F57B}
	EndGlobalSection
EndGlobal
