
Microsoft Visual Studio Solution File, Format Version 12.00
# Visual Studio Version 17
VisualStudioVersion = 17.12.35527.113
MinimumVisualStudioVersion = 10.0.40219.1
Project("{FAE04EC0-301F-11D3-BF4B-00C04F79EFBC}") = "Wrap.Remastered", "Wrap.Remastered\Wrap.Remastered.csproj", "{05989CB0-A2D1-4C51-A23D-4E44E0AC9C84}"
EndProject
Project("{FAE04EC0-301F-11D3-BF4B-00C04F79EFBC}") = "Wrap.Remastered.Console", "Wrap.Remastered.Console\Wrap.Remastered.Console.csproj", "{756CCF27-DE9D-4424-B19C-E5BFDF9764B4}"
EndProject
Project("{2150E333-8FDC-42A3-9474-1A3956D46DE8}") = "refs", "refs", "{9F6022FD-7794-4864-9C20-7D255A77E4E9}"
EndProject
Project("{FAE04EC0-301F-11D3-BF4B-00C04F79EFBC}") = "ConsoleInteractive", "refs\ConsoleInteractive\ConsoleInteractive\ConsoleInteractive\ConsoleInteractive.csproj", "{C7B8FBAC-C685-4464-9A89-0AB46BEA27BF}"
EndProject
Project("{FAE04EC0-301F-11D3-BF4B-00C04F79EFBC}") = "STUN", "refs\NatTypeTester\src\STUN\STUN.csproj", "{983253CB-D97E-4AE7-8383-8320420E96BB}"
EndProject
Project("{FAE04EC0-301F-11D3-BF4B-00C04F79EFBC}") = "Wrap.Remastered.Server", "Wrap.Remastered.Server\Wrap.Remastered.Server.csproj", "{FC39C5D2-4DD4-498A-A8BA-65970322740B}"
EndProject
Global
	GlobalSection(SolutionConfigurationPlatforms) = preSolution
		Debug|Any CPU = Debug|Any CPU
		Release|Any CPU = Release|Any CPU
	EndGlobalSection
	GlobalSection(ProjectConfigurationPlatforms) = postSolution
		{05989CB0-A2D1-4C51-A23D-4E44E0AC9C84}.Debug|Any CPU.ActiveCfg = Debug|Any CPU
		{05989CB0-A2D1-4C51-A23D-4E44E0AC9C84}.Debug|Any CPU.Build.0 = Debug|Any CPU
		{05989CB0-A2D1-4C51-A23D-4E44E0AC9C84}.Release|Any CPU.ActiveCfg = Release|Any CPU
		{05989CB0-A2D1-4C51-A23D-4E44E0AC9C84}.Release|Any CPU.Build.0 = Release|Any CPU
		{756CCF27-DE9D-4424-B19C-E5BFDF9764B4}.Debug|Any CPU.ActiveCfg = Debug|Any CPU
		{756CCF27-DE9D-4424-B19C-E5BFDF9764B4}.Debug|Any CPU.Build.0 = Debug|Any CPU
		{756CCF27-DE9D-4424-B19C-E5BFDF9764B4}.Release|Any CPU.ActiveCfg = Release|Any CPU
		{756CCF27-DE9D-4424-B19C-E5BFDF9764B4}.Release|Any CPU.Build.0 = Release|Any CPU
		{C7B8FBAC-C685-4464-9A89-0AB46BEA27BF}.Debug|Any CPU.ActiveCfg = Debug|Any CPU
		{C7B8FBAC-C685-4464-9A89-0AB46BEA27BF}.Debug|Any CPU.Build.0 = Debug|Any CPU
		{C7B8FBAC-C685-4464-9A89-0AB46BEA27BF}.Release|Any CPU.ActiveCfg = Release|Any CPU
		{C7B8FBAC-C685-4464-9A89-0AB46BEA27BF}.Release|Any CPU.Build.0 = Release|Any CPU
		{983253CB-D97E-4AE7-8383-8320420E96BB}.Debug|Any CPU.ActiveCfg = Debug|Any CPU
		{983253CB-D97E-4AE7-8383-8320420E96BB}.Debug|Any CPU.Build.0 = Debug|Any CPU
		{983253CB-D97E-4AE7-8383-8320420E96BB}.Release|Any CPU.ActiveCfg = Release|Any CPU
		{983253CB-D97E-4AE7-8383-8320420E96BB}.Release|Any CPU.Build.0 = Release|Any CPU
		{FC39C5D2-4DD4-498A-A8BA-65970322740B}.Debug|Any CPU.ActiveCfg = Debug|Any CPU
		{FC39C5D2-4DD4-498A-A8BA-65970322740B}.Debug|Any CPU.Build.0 = Debug|Any CPU
		{FC39C5D2-4DD4-498A-A8BA-65970322740B}.Release|Any CPU.ActiveCfg = Release|Any CPU
		{FC39C5D2-4DD4-498A-A8BA-65970322740B}.Release|Any CPU.Build.0 = Release|Any CPU
	EndGlobalSection
	GlobalSection(SolutionProperties) = preSolution
		HideSolutionNode = FALSE
	EndGlobalSection
	GlobalSection(NestedProjects) = preSolution
		{C7B8FBAC-C685-4464-9A89-0AB46BEA27BF} = {9F6022FD-7794-4864-9C20-7D255A77E4E9}
		{983253CB-D97E-4AE7-8383-8320420E96BB} = {9F6022FD-7794-4864-9C20-7D255A77E4E9}
	EndGlobalSection
EndGlobal
